
Microsoft Visual Studio Solution File, Format Version 12.00
# Visual Studio Version 17
VisualStudioVersion = 17.0.31903.59
MinimumVisualStudioVersion = 10.0.40219.1
Project("{2150E333-8FDC-42A3-9474-1A3956D46DE8}") = "src", "src", "{827E0CD3-B72D-47B6-A68D-7590B98EB39B}"
EndProject
Project("{FAE04EC0-301F-11D3-BF4B-00C04F79EFBC}") = "MuscuAPI.Domain", "src\MuscuAPI.Domain\MuscuAPI.Domain.csproj", "{25511408-EBCE-485A-AC61-2EE82F7EB968}"
EndProject
Project("{FAE04EC0-301F-11D3-BF4B-00C04F79EFBC}") = "MuscuAPI.Application", "src\MuscuAPI.Application\MuscuAPI.Application.csproj", "{8FB7C717-446D-4C13-87A3-0F16C55ABF71}"
EndProject
Project("{FAE04EC0-301F-11D3-BF4B-00C04F79EFBC}") = "MuscuAPI.Infrastructure", "src\MuscuAPI.Infrastructure\MuscuAPI.Infrastructure.csproj", "{3D2CF93B-6E2B-47C1-905F-F7B95BD951BB}"
EndProject
Project("{FAE04EC0-301F-11D3-BF4B-00C04F79EFBC}") = "MuscuAPI.API", "src\MuscuAPI.API\MuscuAPI.API.csproj", "{C9FA0232-5DAB-4EBE-BB73-4AA671818EA4}"
EndProject
Project("{2150E333-8FDC-42A3-9474-1A3956D46DE8}") = "tests", "tests", "{0AB3BF05-4346-4AA6-1389-037BE0695223}"
EndProject
Project("{FAE04EC0-301F-11D3-BF4B-00C04F79EFBC}") = "MuscuAPI.Infrastructure.Tests", "tests\MuscuAPI.Infrastructure.Tests\MuscuAPI.Infrastructure.Tests.csproj", "{140CB33D-09CD-48B7-9DE9-59352F8CEB44}"
EndProject
Project("{FAE04EC0-301F-11D3-BF4B-00C04F79EFBC}") = "MuscuAPI.Application.Tests", "tests\MuscuAPI.Application.Tests\MuscuAPI.Application.Tests.csproj", "{2CD774E3-8D63-4AFC-B93F-2013278813E1}"
EndProject
Project("{FAE04EC0-301F-11D3-BF4B-00C04F79EFBC}") = "MuscuAPI.API.Tests", "tests\MuscuAPI.API.Tests\MuscuAPI.API.Tests.csproj", "{03DE8685-0335-4DCB-9A3E-269848928F1B}"
EndProject
Global
	GlobalSection(SolutionConfigurationPlatforms) = preSolution
		Debug|Any CPU = Debug|Any CPU
		Debug|x64 = Debug|x64
		Debug|x86 = Debug|x86
		Release|Any CPU = Release|Any CPU
		Release|x64 = Release|x64
		Release|x86 = Release|x86
	EndGlobalSection
	GlobalSection(ProjectConfigurationPlatforms) = postSolution
		{25511408-EBCE-485A-AC61-2EE82F7EB968}.Debug|Any CPU.ActiveCfg = Debug|Any CPU
		{25511408-EBCE-485A-AC61-2EE82F7EB968}.Debug|Any CPU.Build.0 = Debug|Any CPU
		{25511408-EBCE-485A-AC61-2EE82F7EB968}.Debug|x64.ActiveCfg = Debug|Any CPU
		{25511408-EBCE-485A-AC61-2EE82F7EB968}.Debug|x64.Build.0 = Debug|Any CPU
		{25511408-EBCE-485A-AC61-2EE82F7EB968}.Debug|x86.ActiveCfg = Debug|Any CPU
		{25511408-EBCE-485A-AC61-2EE82F7EB968}.Debug|x86.Build.0 = Debug|Any CPU
		{25511408-EBCE-485A-AC61-2EE82F7EB968}.Release|Any CPU.ActiveCfg = Release|Any CPU
		{25511408-EBCE-485A-AC61-2EE82F7EB968}.Release|Any CPU.Build.0 = Release|Any CPU
		{25511408-EBCE-485A-AC61-2EE82F7EB968}.Release|x64.ActiveCfg = Release|Any CPU
		{25511408-EBCE-485A-AC61-2EE82F7EB968}.Release|x64.Build.0 = Release|Any CPU
		{25511408-EBCE-485A-AC61-2EE82F7EB968}.Release|x86.ActiveCfg = Release|Any CPU
		{25511408-EBCE-485A-AC61-2EE82F7EB968}.Release|x86.Build.0 = Release|Any CPU
		{8FB7C717-446D-4C13-87A3-0F16C55ABF71}.Debug|Any CPU.ActiveCfg = Debug|Any CPU
		{8FB7C717-446D-4C13-87A3-0F16C55ABF71}.Debug|Any CPU.Build.0 = Debug|Any CPU
		{8FB7C717-446D-4C13-87A3-0F16C55ABF71}.Debug|x64.ActiveCfg = Debug|Any CPU
		{8FB7C717-446D-4C13-87A3-0F16C55ABF71}.Debug|x64.Build.0 = Debug|Any CPU
		{8FB7C717-446D-4C13-87A3-0F16C55ABF71}.Debug|x86.ActiveCfg = Debug|Any CPU
		{8FB7C717-446D-4C13-87A3-0F16C55ABF71}.Debug|x86.Build.0 = Debug|Any CPU
		{8FB7C717-446D-4C13-87A3-0F16C55ABF71}.Release|Any CPU.ActiveCfg = Release|Any CPU
		{8FB7C717-446D-4C13-87A3-0F16C55ABF71}.Release|Any CPU.Build.0 = Release|Any CPU
		{8FB7C717-446D-4C13-87A3-0F16C55ABF71}.Release|x64.ActiveCfg = Release|Any CPU
		{8FB7C717-446D-4C13-87A3-0F16C55ABF71}.Release|x64.Build.0 = Release|Any CPU
		{8FB7C717-446D-4C13-87A3-0F16C55ABF71}.Release|x86.ActiveCfg = Release|Any CPU
		{8FB7C717-446D-4C13-87A3-0F16C55ABF71}.Release|x86.Build.0 = Release|Any CPU
		{3D2CF93B-6E2B-47C1-905F-F7B95BD951BB}.Debug|Any CPU.ActiveCfg = Debug|Any CPU
		{3D2CF93B-6E2B-47C1-905F-F7B95BD951BB}.Debug|Any CPU.Build.0 = Debug|Any CPU
		{3D2CF93B-6E2B-47C1-905F-F7B95BD951BB}.Debug|x64.ActiveCfg = Debug|Any CPU
		{3D2CF93B-6E2B-47C1-905F-F7B95BD951BB}.Debug|x64.Build.0 = Debug|Any CPU
		{3D2CF93B-6E2B-47C1-905F-F7B95BD951BB}.Debug|x86.ActiveCfg = Debug|Any CPU
		{3D2CF93B-6E2B-47C1-905F-F7B95BD951BB}.Debug|x86.Build.0 = Debug|Any CPU
		{3D2CF93B-6E2B-47C1-905F-F7B95BD951BB}.Release|Any CPU.ActiveCfg = Release|Any CPU
		{3D2CF93B-6E2B-47C1-905F-F7B95BD951BB}.Release|Any CPU.Build.0 = Release|Any CPU
		{3D2CF93B-6E2B-47C1-905F-F7B95BD951BB}.Release|x64.ActiveCfg = Release|Any CPU
		{3D2CF93B-6E2B-47C1-905F-F7B95BD951BB}.Release|x64.Build.0 = Release|Any CPU
		{3D2CF93B-6E2B-47C1-905F-F7B95BD951BB}.Release|x86.ActiveCfg = Release|Any CPU
		{3D2CF93B-6E2B-47C1-905F-F7B95BD951BB}.Release|x86.Build.0 = Release|Any CPU
		{C9FA0232-5DAB-4EBE-BB73-4AA671818EA4}.Debug|Any CPU.ActiveCfg = Debug|Any CPU
		{C9FA0232-5DAB-4EBE-BB73-4AA671818EA4}.Debug|Any CPU.Build.0 = Debug|Any CPU
		{C9FA0232-5DAB-4EBE-BB73-4AA671818EA4}.Debug|x64.ActiveCfg = Debug|Any CPU
		{C9FA0232-5DAB-4EBE-BB73-4AA671818EA4}.Debug|x64.Build.0 = Debug|Any CPU
		{C9FA0232-5DAB-4EBE-BB73-4AA671818EA4}.Debug|x86.ActiveCfg = Debug|Any CPU
		{C9FA0232-5DAB-4EBE-BB73-4AA671818EA4}.Debug|x86.Build.0 = Debug|Any CPU
		{C9FA0232-5DAB-4EBE-BB73-4AA671818EA4}.Release|Any CPU.ActiveCfg = Release|Any CPU
		{C9FA0232-5DAB-4EBE-BB73-4AA671818EA4}.Release|Any CPU.Build.0 = Release|Any CPU
		{C9FA0232-5DAB-4EBE-BB73-4AA671818EA4}.Release|x64.ActiveCfg = Release|Any CPU
		{C9FA0232-5DAB-4EBE-BB73-4AA671818EA4}.Release|x64.Build.0 = Release|Any CPU
		{C9FA0232-5DAB-4EBE-BB73-4AA671818EA4}.Release|x86.ActiveCfg = Release|Any CPU
		{C9FA0232-5DAB-4EBE-BB73-4AA671818EA4}.Release|x86.Build.0 = Release|Any CPU
		{140CB33D-09CD-48B7-9DE9-59352F8CEB44}.Debug|Any CPU.ActiveCfg = Debug|Any CPU
		{140CB33D-09CD-48B7-9DE9-59352F8CEB44}.Debug|Any CPU.Build.0 = Debug|Any CPU
		{140CB33D-09CD-48B7-9DE9-59352F8CEB44}.Debug|x64.ActiveCfg = Debug|Any CPU
		{140CB33D-09CD-48B7-9DE9-59352F8CEB44}.Debug|x64.Build.0 = Debug|Any CPU
		{140CB33D-09CD-48B7-9DE9-59352F8CEB44}.Debug|x86.ActiveCfg = Debug|Any CPU
		{140CB33D-09CD-48B7-9DE9-59352F8CEB44}.Debug|x86.Build.0 = Debug|Any CPU
		{140CB33D-09CD-48B7-9DE9-59352F8CEB44}.Release|Any CPU.ActiveCfg = Release|Any CPU
		{140CB33D-09CD-48B7-9DE9-59352F8CEB44}.Release|Any CPU.Build.0 = Release|Any CPU
		{140CB33D-09CD-48B7-9DE9-59352F8CEB44}.Release|x64.ActiveCfg = Release|Any CPU
		{140CB33D-09CD-48B7-9DE9-59352F8CEB44}.Release|x64.Build.0 = Release|Any CPU
		{140CB33D-09CD-48B7-9DE9-59352F8CEB44}.Release|x86.ActiveCfg = Release|Any CPU
		{140CB33D-09CD-48B7-9DE9-59352F8CEB44}.Release|x86.Build.0 = Release|Any CPU
		{2CD774E3-8D63-4AFC-B93F-2013278813E1}.Debug|Any CPU.ActiveCfg = Debug|Any CPU
		{2CD774E3-8D63-4AFC-B93F-2013278813E1}.Debug|Any CPU.Build.0 = Debug|Any CPU
		{2CD774E3-8D63-4AFC-B93F-2013278813E1}.Debug|x64.ActiveCfg = Debug|Any CPU
		{2CD774E3-8D63-4AFC-B93F-2013278813E1}.Debug|x64.Build.0 = Debug|Any CPU
		{2CD774E3-8D63-4AFC-B93F-2013278813E1}.Debug|x86.ActiveCfg = Debug|Any CPU
		{2CD774E3-8D63-4AFC-B93F-2013278813E1}.Debug|x86.Build.0 = Debug|Any CPU
		{2CD774E3-8D63-4AFC-B93F-2013278813E1}.Release|Any CPU.ActiveCfg = Release|Any CPU
		{2CD774E3-8D63-4AFC-B93F-2013278813E1}.Release|Any CPU.Build.0 = Release|Any CPU
		{2CD774E3-8D63-4AFC-B93F-2013278813E1}.Release|x64.ActiveCfg = Release|Any CPU
		{2CD774E3-8D63-4AFC-B93F-2013278813E1}.Release|x64.Build.0 = Release|Any CPU
		{2CD774E3-8D63-4AFC-B93F-2013278813E1}.Release|x86.ActiveCfg = Release|Any CPU
		{2CD774E3-8D63-4AFC-B93F-2013278813E1}.Release|x86.Build.0 = Release|Any CPU
		{03DE8685-0335-4DCB-9A3E-269848928F1B}.Debug|Any CPU.ActiveCfg = Debug|Any CPU
		{03DE8685-0335-4DCB-9A3E-269848928F1B}.Debug|Any CPU.Build.0 = Debug|Any CPU
		{03DE8685-0335-4DCB-9A3E-269848928F1B}.Debug|x64.ActiveCfg = Debug|Any CPU
		{03DE8685-0335-4DCB-9A3E-269848928F1B}.Debug|x64.Build.0 = Debug|Any CPU
		{03DE8685-0335-4DCB-9A3E-269848928F1B}.Debug|x86.ActiveCfg = Debug|Any CPU
		{03DE8685-0335-4DCB-9A3E-269848928F1B}.Debug|x86.Build.0 = Debug|Any CPU
		{03DE8685-0335-4DCB-9A3E-269848928F1B}.Release|Any CPU.ActiveCfg = Release|Any CPU
		{03DE8685-0335-4DCB-9A3E-269848928F1B}.Release|Any CPU.Build.0 = Release|Any CPU
		{03DE8685-0335-4DCB-9A3E-269848928F1B}.Release|x64.ActiveCfg = Release|Any CPU
		{03DE8685-0335-4DCB-9A3E-269848928F1B}.Release|x64.Build.0 = Release|Any CPU
		{03DE8685-0335-4DCB-9A3E-269848928F1B}.Release|x86.ActiveCfg = Release|Any CPU
		{03DE8685-0335-4DCB-9A3E-269848928F1B}.Release|x86.Build.0 = Release|Any CPU
	EndGlobalSection
	GlobalSection(SolutionProperties) = preSolution
		HideSolutionNode = FALSE
	EndGlobalSection
	GlobalSection(NestedProjects) = preSolution
		{25511408-EBCE-485A-AC61-2EE82F7EB968} = {827E0CD3-B72D-47B6-A68D-7590B98EB39B}
		{8FB7C717-446D-4C13-87A3-0F16C55ABF71} = {827E0CD3-B72D-47B6-A68D-7590B98EB39B}
		{3D2CF93B-6E2B-47C1-905F-F7B95BD951BB} = {827E0CD3-B72D-47B6-A68D-7590B98EB39B}
		{C9FA0232-5DAB-4EBE-BB73-4AA671818EA4} = {827E0CD3-B72D-47B6-A68D-7590B98EB39B}
		{140CB33D-09CD-48B7-9DE9-59352F8CEB44} = {0AB3BF05-4346-4AA6-1389-037BE0695223}
		{2CD774E3-8D63-4AFC-B93F-2013278813E1} = {0AB3BF05-4346-4AA6-1389-037BE0695223}
		{03DE8685-0335-4DCB-9A3E-269848928F1B} = {0AB3BF05-4346-4AA6-1389-037BE0695223}
	EndGlobalSection
	GlobalSection(ExtensibilityGlobals) = postSolution
		SolutionGuid = {092923DD-CD55-4B50-B98B-800A26B2733A}
	EndGlobalSection
EndGlobal
